# This file is automatically @generated by Cargo.
# It is not intended for manual editing.
version = 3

[[package]]
name = "bit_field"
version = "0.10.1"
source = "registry+https://github.com/rust-lang/crates.io-index"
checksum = "dcb6dd1c2376d2e096796e234a70e17e94cc2d5d54ff8ce42b28cef1d0d359a4"

[[package]]
name = "bitflags"
version = "1.3.2"
source = "registry+https://github.com/rust-lang/crates.io-index"
checksum = "bef38d45163c2f1dde094a7dfd33ccf595c92905c8f8f4fdc18d06fb1037718a"

[[package]]
name = "bitstruct"
version = "0.1.1"
source = "registry+https://github.com/rust-lang/crates.io-index"
checksum = "a1b10c3912af09af44ea1dafe307edb5ed374b2a32658eb610e372270c9017b4"
dependencies = [
 "bitstruct_derive",
]

[[package]]
name = "bitstruct_derive"
version = "0.1.0"
source = "registry+https://github.com/rust-lang/crates.io-index"
checksum = "35fd19022c2b750d14eb9724c204d08ab7544570105b3b466d8a9f2f3feded27"
dependencies = [
 "proc-macro2",
 "quote",
 "syn",
]

[[package]]
name = "proc-macro2"
version = "1.0.39"
source = "registry+https://github.com/rust-lang/crates.io-index"
checksum = "c54b25569025b7fc9651de43004ae593a75ad88543b17178aa5e1b9c4f15f56f"
dependencies = [
 "unicode-ident",
]

[[package]]
name = "quote"
version = "1.0.18"
source = "registry+https://github.com/rust-lang/crates.io-index"
checksum = "a1feb54ed693b93a84e14094943b84b7c4eae204c512b7ccb95ab0c66d278ad1"
dependencies = [
 "proc-macro2",
]

[[package]]
name = "r9"
version = "0.1.0"
dependencies = [
 "bitstruct",
 "x86",
]

[[package]]
name = "raw-cpuid"
version = "10.3.0"
source = "registry+https://github.com/rust-lang/crates.io-index"
checksum = "738bc47119e3eeccc7e94c4a506901aea5e7b4944ecd0829cbebf4af04ceda12"
dependencies = [
 "bitflags",
]

[[package]]
name = "syn"
version = "1.0.95"
source = "registry+https://github.com/rust-lang/crates.io-index"
checksum = "fbaf6116ab8924f39d52792136fb74fd60a80194cf1b1c6ffa6453eef1c3f942"
dependencies = [
 "proc-macro2",
 "quote",
 "unicode-ident",
]

[[package]]
name = "unicode-ident"
version = "1.0.0"
source = "registry+https://github.com/rust-lang/crates.io-index"
checksum = "d22af068fba1eb5edcb4aea19d382b2a3deb4c8f9d475c589b6ada9e0fd493ee"

[[package]]
name = "x86"
version = "0.48.0"
source = "registry+https://github.com/rust-lang/crates.io-index"
checksum = "1af891e1d20843ec044591266212bb7db80f88017030c57ccea76852b49ecae3"
dependencies = [
 "bit_field",
 "bitflags",
 "raw-cpuid",
]
